
Microsoft Visual Studio Solution File, Format Version 12.00
# Visual Studio Version 17
VisualStudioVersion = 17.3.32922.545
MinimumVisualStudioVersion = 10.0.40219.1
Project("{9A19103F-16F7-4668-BE54-9A1E7A4F7556}") = "HotelListing.API", "HotelListing.API\HotelListing.API.csproj", "{984A1855-085D-402A-BCF4-6348DA223560}"
EndProject
Project("{FAE04EC0-301F-11D3-BF4B-00C04F79EFBC}") = "HotelListing.API.Data", "HotelListing.Data\HotelListing.API.Data.csproj", "{F2434E79-3D47-4447-BCAF-65DB1184675E}"
EndProject
Project("{FAE04EC0-301F-11D3-BF4B-00C04F79EFBC}") = "HotelListing.API.Core", "HotelListing.API.Core\HotelListing.API.Core.csproj", "{31F4918B-5A14-4A92-ACC4-3A0AC518838C}"
EndProject
Global
	GlobalSection(SolutionConfigurationPlatforms) = preSolution
		Debug|Any CPU = Debug|Any CPU
		Release|Any CPU = Release|Any CPU
	EndGlobalSection
	GlobalSection(ProjectConfigurationPlatforms) = postSolution
		{984A1855-085D-402A-BCF4-6348DA223560}.Debug|Any CPU.ActiveCfg = Debug|Any CPU
		{984A1855-085D-402A-BCF4-6348DA223560}.Debug|Any CPU.Build.0 = Debug|Any CPU
		{984A1855-085D-402A-BCF4-6348DA223560}.Release|Any CPU.ActiveCfg = Release|Any CPU
		{984A1855-085D-402A-BCF4-6348DA223560}.Release|Any CPU.Build.0 = Release|Any CPU
		{F2434E79-3D47-4447-BCAF-65DB1184675E}.Debug|Any CPU.ActiveCfg = Debug|Any CPU
		{F2434E79-3D47-4447-BCAF-65DB1184675E}.Debug|Any CPU.Build.0 = Debug|Any CPU
		{F2434E79-3D47-4447-BCAF-65DB1184675E}.Release|Any CPU.ActiveCfg = Release|Any CPU
		{F2434E79-3D47-4447-BCAF-65DB1184675E}.Release|Any CPU.Build.0 = Release|Any CPU
		{31F4918B-5A14-4A92-ACC4-3A0AC518838C}.Debug|Any CPU.ActiveCfg = Debug|Any CPU
		{31F4918B-5A14-4A92-ACC4-3A0AC518838C}.Debug|Any CPU.Build.0 = Debug|Any CPU
		{31F4918B-5A14-4A92-ACC4-3A0AC518838C}.Release|Any CPU.ActiveCfg = Release|Any CPU
		{31F4918B-5A14-4A92-ACC4-3A0AC518838C}.Release|Any CPU.Build.0 = Release|Any CPU
	EndGlobalSection
	GlobalSection(SolutionProperties) = preSolution
		HideSolutionNode = FALSE
	EndGlobalSection
	GlobalSection(ExtensibilityGlobals) = postSolution
		SolutionGuid = {A93740E4-BB24-4FD6-AF6C-018878884488}
	EndGlobalSection
EndGlobal
